<?xml version="1.0" encoding="utf-8"?>
<Project ToolsVersion="4.0" xmlns="http://schemas.microsoft.com/developer/msbuild/2003">
  <ItemGroup>
    <Filter Include="Source Files">
      <UniqueIdentifier>{4FC737F1-C7A5-4376-A066-2A32D752A2FF}</UniqueIdentifier>
      <Extensions>cpp;c;cc;cxx;c++;cppm;ixx;def;odl;idl;hpj;bat;asm;asmx</Extensions>
    </Filter>
    <Filter Include="Header Files">
      <UniqueIdentifier>{93995380-89BD-4b04-88EB-625FBE52EBFB}</UniqueIdentifier>
      <Extensions>h;hh;hpp;hxx;h++;hm;inl;inc;ipp;xsd</Extensions>
    </Filter>
    <Filter Include="Header Files\Helpers">
      <UniqueIdentifier>{cf0e1c95-751a-4ddc-a7b1-c3cb4c1426b9}</UniqueIdentifier>
    </Filter>
    <Filter Include="Header Files\Indicators">
      <UniqueIdentifier>{409b3ba7-1fb7-4e6c-91ae-e72f1d548238}</UniqueIdentifier>
    </Filter>
    <Filter Include="Header Files\Logger">
      <UniqueIdentifier>{c23f9b10-b4f3-47e4-a181-15896929d718}</UniqueIdentifier>
    </Filter>
    <Filter Include="Header Files\Sink">
      <UniqueIdentifier>{dc8ad250-e294-4899-934b-03e77d149078}</UniqueIdentifier>
    </Filter>
    <Filter Include="Header Files\Common">
      <UniqueIdentifier>{92ecac48-039c-46f6-a737-5b89c18d8de8}</UniqueIdentifier>
    </Filter>
    <Filter Include="Source Files\Indicators">
      <UniqueIdentifier>{b444eef7-0707-4fa8-9ea8-55651dd3f960}</UniqueIdentifier>
    </Filter>
    <Filter Include="Source Files\Sink">
      <UniqueIdentifier>{2ecd3f7c-64b7-4b6b-a2a6-3debebe2af8a}</UniqueIdentifier>
    </Filter>
    <Filter Include="Source Files\Logger">
      <UniqueIdentifier>{f2ea36d7-eb2b-4364-8285-eb8bbe4b0814}</UniqueIdentifier>
    </Filter>
    <Filter Include="Header Files\Indicators\IndicatorInterfaces">
      <UniqueIdentifier>{e3bf913d-616d-4b19-a0be-c82d0ca77126}</UniqueIdentifier>
    </Filter>
    <Filter Include="Header Files\Indicators\IndicatorAttributes">
      <UniqueIdentifier>{ebc1f05d-e479-4ea4-8491-857cc94e959c}</UniqueIdentifier>
    </Filter>
    <Filter Include="Header Files\Logger\LoggerAttributes">
      <UniqueIdentifier>{696c4fa4-a852-43e3-b27e-7399b0cb9442}</UniqueIdentifier>
    </Filter>
    <Filter Include="Header Files\Sink\SinkAttributes">
      <UniqueIdentifier>{90f8d83b-8997-4751-9e0e-aad431306309}</UniqueIdentifier>
    </Filter>
    <Filter Include="Header Files\Sink\SinkInterfaces">
      <UniqueIdentifier>{84f3afb2-ba00-4747-8429-06bf06419f2a}</UniqueIdentifier>
    </Filter>
    <Filter Include="Header Files\Logger\LoggerInterfaces">
      <UniqueIdentifier>{12f588d0-42ac-43c1-8d97-0b0d482280c7}</UniqueIdentifier>
    </Filter>
  </ItemGroup>
  <ItemGroup>
    <ClCompile Include="Serenity\src\Indicators\DefaultIndicator.cpp">
      <Filter>Source Files\Indicators</Filter>
    </ClCompile>
    <ClCompile Include="Serenity\src\Indicators\IndicatorManager.cpp">
      <Filter>Source Files\Indicators</Filter>
    </ClCompile>
    <ClCompile Include="Serenity\src\Indicators\ProgressBar.cpp">
      <Filter>Source Files\Indicators</Filter>
    </ClCompile>
    <ClCompile Include="Serenity\src\Logger.cpp">
      <Filter>Source Files\Logger</Filter>
    </ClCompile>
    <ClCompile Include="Serenity\src\Sinks\DefaultSink.cpp">
      <Filter>Source Files\Sink</Filter>
    </ClCompile>
  </ItemGroup>
  <ItemGroup>
    <ClInclude Include="include\Serenity\Helpers\PlatformHelper.h">
      <Filter>Header Files\Helpers</Filter>
    </ClInclude>
    <ClInclude Include="include\Serenity\Helpers\Utilities.h">
      <Filter>Header Files\Helpers</Filter>
    </ClInclude>
    <ClInclude Include="include\Serenity\Indicators\DefaultIndicator.h">
      <Filter>Header Files\Indicators</Filter>
    </ClInclude>
    <ClInclude Include="include\Serenity\Indicators\IndicatorManager.h">
      <Filter>Header Files\Indicators</Filter>
    </ClInclude>
    <ClInclude Include="include\Serenity\Indicators\ProgressBar.h">
      <Filter>Header Files\Indicators</Filter>
    </ClInclude>
    <ClInclude Include="include\Serenity\Sinks\DefaultSink.h">
      <Filter>Header Files\Sink</Filter>
    </ClInclude>
    <ClInclude Include="include\Serenity\Logger\Logger.h">
      <Filter>Header Files\Logger</Filter>
    </ClInclude>
    <ClInclude Include="include\Serenity\Common\SharedData.h">
      <Filter>Header Files\Common</Filter>
    </ClInclude>
    <ClInclude Include="include\Serenity\Indicators\IndicatorInterfaces\ObserverInterface.h">
      <Filter>Header Files\Indicators\IndicatorInterfaces</Filter>
    </ClInclude>
    <ClInclude Include="include\Serenity\Indicators\IndicatorAttributes\BlockAttribute.h">
      <Filter>Header Files\Indicators\IndicatorAttributes</Filter>
    </ClInclude>
    <ClInclude Include="include\Serenity\Indicators\IndicatorAttributes\DefaultAttribute.h">
      <Filter>Header Files\Indicators\IndicatorAttributes</Filter>
    </ClInclude>
    <ClInclude Include="include\Serenity\Indicators\IndicatorAttributes\MultiProcessAttribute.h">
      <Filter>Header Files\Indicators\IndicatorAttributes</Filter>
    </ClInclude>
    <ClInclude Include="include\Serenity\Indicators\IndicatorAttributes\SpinningAttribute.h">
      <Filter>Header Files\Indicators\IndicatorAttributes</Filter>
    </ClInclude>
  </ItemGroup>
</Project>